# THIS IS AN AUTOGENERATED FILE. DO NOT EDIT THIS FILE DIRECTLY.
# yarn lockfile v1


conuse@^0.2.0:
  version "0.2.0"
  resolved "https://registry.npm.taobao.org/conuse/download/conuse-0.2.0.tgz#5b33903638333c4254dafa140b9e62c1f5ac587f"
  dependencies:
    react "^16.9.0"

"js-tokens@^3.0.0 || ^4.0.0":
  version "4.0.0"
  resolved "https://registry.npm.taobao.org/js-tokens/download/js-tokens-4.0.0.tgz#19203fb59991df98e3a287050d4647cdeaf32499"

loose-envify@^1.1.0, loose-envify@^1.4.0:
  version "1.4.0"
  resolved "https://registry.npm.taobao.org/loose-envify/download/loose-envify-1.4.0.tgz#71ee51fa7be4caec1a63839f7e682d8132d30caf"
  dependencies:
    js-tokens "^3.0.0 || ^4.0.0"

object-assign@^4.1.1:
  version "4.1.1"
  resolved "https://registry.npm.taobao.org/object-assign/download/object-assign-4.1.1.tgz#2109adc7965887cfc05cbbd442cac8bfbb360863"

prop-types@^15.6.2:
  version "15.7.2"
  resolved "https://registry.npm.taobao.org/prop-types/download/prop-types-15.7.2.tgz#52c41e75b8c87e72b9d9360e0206b99dcbffa6c5"
  dependencies:
    loose-envify "^1.4.0"
    object-assign "^4.1.1"
    react-is "^16.8.1"

react-dom@^16.10.1:
  version "16.10.1"
  resolved "https://registry.npm.taobao.org/react-dom/download/react-dom-16.10.1.tgz?cache=0&other_urls=https%3A%2F%2Fregistry.npm.taobao.org%2Freact-dom%2Fdownload%2Freact-dom-16.10.1.tgz#479a6511ba34a429273c213cbc2a9ac4d296dac1"
  dependencies:
    loose-envify "^1.1.0"
    object-assign "^4.1.1"
    prop-types "^15.6.2"
    scheduler "^0.16.1"

react-is@^16.8.1:
  version "16.10.1"
  resolved "https://registry.npm.taobao.org/react-is/download/react-is-16.10.1.tgz#0612786bf19df406502d935494f0450b40b8294f"

react@^16.10.1, react@^16.9.0:
  version "16.10.1"
  resolved "https://registry.npm.taobao.org/react/download/react-16.10.1.tgz#967c1e71a2767dfa699e6ba702a00483e3b0573f"
  dependencies:
    loose-envify "^1.1.0"
    object-assign "^4.1.1"
    prop-types "^15.6.2"

scheduler@^0.16.1:
  version "0.16.1"
  resolved "https://registry.npm.taobao.org/scheduler/download/scheduler-0.16.1.tgz#a6fb6ddec12dc2119176e6eb54ecfe69a9eba8df"
  dependencies:
    loose-envify "^1.1.0"
    object-assign "^4.1.1"
